{
  "name": "gods-eye-agent-qa",
  "version": "1.0.0",
  "lockfileVersion": 3,
  "requires": true,
  "packages": {
    "": {
      "name": "gods-eye-agent-qa",
      "version": "1.0.0",
      "dependencies": {
        "ajv": "8.17.1"
      },
      "devDependencies": {
        "@openai/codex": "0.153.3",
        "@playwright/mcp": "0.0.80"
      },
      "engines": {
        "node": ">=24"
      }
    },
    "node_modules/@openai/codex": {
      "version": "0.153.3",
      "resolved": "https://registry.npmjs.org/@openai/codex/-/codex-0.153.3.tgz",
      "integrity": "sha512-SwQns+YIXvaXV4a6RUd9twgTPJkkfZpuTNEkTtIkwBnfw6fpT61+d6gU1WHZxK6vWFNqJCBoJEP69FIAsoPduA==",
      "dev": true,
      "license": "Apache-2.0",
      "bin": {
        "codex": "bin/codex.js"
      },
      "engines": {
        "node": ">=16"
      },
      "optionalDependencies": {
        "@openai/codex-darwin-arm64": "npm:@openai/codex@0.153.3-darwin-arm64",
        "@openai/codex-darwin-x64": "npm:@openai/codex@0.153.3-darwin-x64",
        "@openai/codex-linux-arm64": "npm:@openai/codex@0.153.3-linux-arm64",
        "@openai/codex-linux-x64": "npm:@openai/codex@0.153.3-linux-x64",
        "@openai/codex-win32-arm64": "npm:@openai/codex@0.153.3-win32-arm64",
        "@openai/codex-win32-x64": "npm:@openai/codex@0.153.3-win32-x64"
      }
    },
    "node_modules/@openai/codex-darwin-arm64": {
      "name": "@openai/codex",
      "version": "0.153.3-darwin-arm64",
      "resolved": "https://registry.npmjs.org/@openai/codex/-/codex-0.153.3-darwin-arm64.tgz",
      "integrity": "sha512-cIJh2xhww3ZBXmgBt6e9gQjrdL2c9xiiq7yimDHtTGdg3wiUOADD/OsmIu/RJOitwM8OgImdHFjR59doBBdo8A==",
      "cpu": [
        "arm64"
      ],
      "dev": true,
      "license": "Apache-2.0",
      "optional": true,
      "os": [
        "darwin"
      ],
      "engines": {
        "node": ">=16"
      }
    },
    "node_modules/@openai/codex-darwin-x64": {
      "name": "@openai/codex",
      "version": "0.153.3-darwin-x64",
      "resolved": "https://registry.npmjs.org/@openai/codex/-/codex-0.153.3-darwin-x64.tgz",
      "integrity": "sha512-82Jxir4LygzF32z4y9KOMhK8rVlA4T6c10I9/MK+FhkEmTnDYcL4+VyttHdnMrX0I/Bdqj2M71gFellIaJHiDQ==",
      "cpu": [
        "x64"
      ],
      "dev": true,
      "license": "Apache-2.0",
      "optional": true,
      "os": [
        "darwin"
      ],
      "engines": {
        "node": ">=16"
      }
    },
    "node_modules/@openai/codex-linux-arm64": {
      "name": "@openai/codex",
      "version": "0.153.3-linux-arm64",
      "resolved": "https://registry.npmjs.org/@openai/codex/-/codex-0.153.3-linux-arm64.tgz",
      "integrity": "sha512-uayZKgz5lk7Pz3JPjL98FGQGFRcrax3sGEQ9CtduyZscbIcnn3iYszRvGcubqVwiHi3B9oAVqy8V2NcWGwImLg==",
      "cpu": [
        "arm64"
      ],
      "dev": true,
      "license": "Apache-2.0",
      "optional": true,
      "os": [
        "linux"
      ],
      "engines": {
        "node": ">=16"
      }
    },
    "node_modules/@openai/codex-linux-x64": {
      "name": "@openai/codex",
      "version": "0.153.3-linux-x64",
      "resolved": "https://registry.npmjs.org/@openai/codex/-/codex-0.153.3-linux-x64.tgz",
      "integrity": "sha512-CyLvuM9Ij7sQuNtnHrzHtF+DtNISaauZZakyhy+MoFS1XxKTGv3FN4/qh6c94YZtLStZ7aUmfYQz59V3PV4zng==",
      "cpu": [
        "x64"
      ],
      "dev": true,
      "license": "Apache-2.0",
      "optional": true,
      "os": [
        "linux"
      ],
      "engines": {
        "node": ">=16"
      }
    },
    "node_modules/@openai/codex-win32-arm64": {
      "name": "@openai/codex",
      "version": "0.153.3-win32-arm64",
      "resolved": "https://registry.npmjs.org/@openai/codex/-/codex-0.153.3-win32-arm64.tgz",
      "integrity": "sha512-Y5so5McyGWjfyj6q1qzgwT5UOMGo0jGPXECy88p2XWAwavtnHicoh6f4xi7VMgxEc/dxUijMPMVRJ5kqrBseXQ==",
      "cpu": [
        "arm64"
      ],
      "dev": true,
      "license": "Apache-2.0",
      "optional": true,
      "os": [
        "win32"
      ],
      "engines": {
        "node": ">=16"
      }
    },
    "node_modules/@openai/codex-win32-x64": {
      "name": "@openai/codex",
      "version": "0.153.3-win32-x64",
      "resolved": "https://registry.npmjs.org/@openai/codex/-/codex-0.153.3-win32-x64.tgz",
      "integrity": "sha512-+3BNGznK6xRYrBi8Ivsz50gQdViIKWjQ6I4zC5ELYLgBB0ETD/VBMP51LnybywJUKnZ6ow3VE/koImgfCl4Eiw==",
      "cpu": [
        "x64"
      ],
      "dev": true,
      "license": "Apache-2.0",
      "optional": true,
      "os": [
        "win32"
      ],
      "engines": {
        "node": ">=16"
      }
    },
    "node_modules/@playwright/mcp": {
      "version": "0.0.80",
      "resolved": "https://registry.npmjs.org/@playwright/mcp/-/mcp-0.0.80.tgz",
      "integrity": "sha512-FOPXHm2SvFhAQylm10jMZ35B/SR2TaMLVkavAlwoG4N2qCb5RqbvhQYcu3zmXNyxR2DW0Ooxe+9XPVt5UjKRCQ==",
      "dev": true,
      "license": "Apache-2.0",
      "dependencies": {
        "playwright": "1.63.0-alpha-2026-08-31",
        "playwright-core": "1.63.0-alpha-2026-08-31"
      },
      "bin": {
        "playwright-mcp": "cli.js"
      },
      "engines": {
        "node": ">=18"
      }
    },
    "node_modules/ajv": {
      "version": "8.17.1",
      "resolved": "https://registry.npmjs.org/ajv/-/ajv-8.17.1.tgz",
      "integrity": "sha512-B/gBuNg5SiMTrPkC+A2+cW0RszwxYmn6VYxB/inlBStS5nx6xHIt/ehKRhIMhqusl7a8LjQoZnjCs5vhwxOQ1g==",
      "license": "MIT",
      "dependencies": {
        "fast-deep-equal": "^3.1.3",
        "fast-uri": "^3.0.1",
        "json-schema-traverse": "^1.0.0",
        "require-from-string": "^2.0.2"
      },
      "funding": {
        "type": "github",
        "url": "https://github.com/sponsors/epoberezkin"
      }
    },
    "node_modules/fast-deep-equal": {
      "version": "3.1.3",
      "resolved": "https://registry.npmjs.org/fast-deep-equal/-/fast-deep-equal-3.1.3.tgz",
      "integrity": "sha512-f3qQ9oQy9j2AhBe/H9VC91wLmKBCCU/gDOnKNAYG5hswO7BLKj09Hc5HYNz9cGI++xlpDCIgDaitVs03ATR84Q==",
      "license": "MIT"
    },
    "node_modules/fast-uri": {
      "version": "3.1.7",
      "resolved": "https://registry.npmjs.org/fast-uri/-/fast-uri-3.1.7.tgz",
      "integrity": "sha512-dOvZVzjdZdz7phd9v6jCbwxrBW3fK6n8Rc0CtdmM4bumzMnxywBYhuph6J819RRw/ku+rLbelwfMunktuzVVHg==",
      "funding": [
        {
          "type": "github",
          "url": "https://github.com/sponsors/fastify"
        },
        {
          "type": "opencollective",
          "url": "https://opencollective.com/fastify"
        }
      ],
      "license": "BSD-3-Clause"
    },
    "node_modules/json-schema-traverse": {
      "version": "1.0.0",
      "resolved": "https://registry.npmjs.org/json-schema-traverse/-/json-schema-traverse-1.0.0.tgz",
      "integrity": "sha512-NM8/P9n3XjXhIZn1lLhkFaACTOURQXjWhV4BA/RnOv8xvgqtqpAX9IO4mRQxSx1Rlo4tqzeqb0sOlruaOy3dug==",
      "license": "MIT"
    },
    "node_modules/playwright": {
      "version": "1.63.0-alpha-2026-08-31",
      "resolved": "https://registry.npmjs.org/playwright/-/playwright-1.63.0-alpha-2026-08-31.tgz",
      "integrity": "sha512-3XAsuznfu8jBVJ4QxdGvBkt0+b8ZFwuwJYyOfiIw5ZjUOrNLNRhKxzLzLuydou3gJ9c6eMwVqgzdiOwhy54Kzw==",
      "dev": true,
      "license": "Apache-2.0",
      "dependencies": {
        "playwright-core": "1.63.0-alpha-2026-08-31"
      },
      "bin": {
        "playwright": "cli.js"
      },
      "engines": {
        "node": ">=20"
      }
    },
    "node_modules/playwright-core": {
      "version": "1.63.0-alpha-2026-08-31",
      "resolved": "https://registry.npmjs.org/playwright-core/-/playwright-core-1.63.0-alpha-2026-08-31.tgz",
      "integrity": "sha512-1ek0Lyr12h6jcs/WTcNoVtzZkQp7D/90PsMuBW/Rm6h3AsWAbzpqj0geMv8+8Tzzr9CSUYvg9kznrVZINQMXXw==",
      "dev": true,
      "license": "Apache-2.0",
      "bin": {
        "playwright-core": "cli.js"
      },
      "engines": {
        "node": ">=20"
      }
    },
    "node_modules/require-from-string": {
      "version": "2.0.2",
      "resolved": "https://registry.npmjs.org/require-from-string/-/require-from-string-2.0.2.tgz",
      "integrity": "sha512-Xf0nWe6RseziFMu+Ap9biiUbmplq6S9/p+7w7YXP/JBHhrUDDUhwa+vANyubuqfZWTveU//DYVGsDG7RKL/vEw==",
      "license": "MIT",
      "engines": {
        "node": ">=0.10.0"
      }
    }
  }
}
