{
  "name": "gods-eye-agent-qa",
  "version": "1.0.0",
  "lockfileVersion": 3,
  "requires": true,
  "packages": {
    "": {
      "name": "gods-eye-agent-qa",
      "version": "1.0.0",
      "dependencies": {
        "ajv": "8.17.1"
      },
      "devDependencies": {
        "@github/copilot": "1.0.83",
        "@playwright/mcp": "0.0.80"
      },
      "engines": {
        "node": ">=24"
      }
    },
    "node_modules/@github/copilot": {
      "version": "1.0.83",
      "resolved": "https://registry.npmjs.org/@github/copilot/-/copilot-1.0.83.tgz",
      "integrity": "sha512-M8uZI0V0dahYV1KZij3nGDxaXEGG7I7YUZzQPI7NEZkL/83Nl/tNTbPdxKtdWZbOmWoXsPKXty/eEYoj6RHDhA==",
      "dev": true,
      "license": "SEE LICENSE IN LICENSE.md",
      "dependencies": {
        "detect-libc": "^2.1.2"
      },
      "bin": {
        "copilot": "npm-loader.js"
      },
      "optionalDependencies": {
        "@github/copilot-darwin-arm64": "1.0.83",
        "@github/copilot-darwin-x64": "1.0.83",
        "@github/copilot-linux-arm64": "1.0.83",
        "@github/copilot-linux-x64": "1.0.83",
        "@github/copilot-linuxmusl-arm64": "1.0.83",
        "@github/copilot-linuxmusl-x64": "1.0.83",
        "@github/copilot-win32-arm64": "1.0.83",
        "@github/copilot-win32-x64": "1.0.83"
      }
    },
    "node_modules/@github/copilot-darwin-arm64": {
      "version": "1.0.83",
      "resolved": "https://registry.npmjs.org/@github/copilot-darwin-arm64/-/copilot-darwin-arm64-1.0.83.tgz",
      "integrity": "sha512-gv+SZRhxlQCmKOlzCCP6B2SOAaAPPc+VYGd6iC9va06wXNlmigYSCBhQeOSQoSeZ0mK2KR7RTM+AbiXLytBUfA==",
      "cpu": [
        "arm64"
      ],
      "dev": true,
      "license": "SEE LICENSE IN LICENSE.md",
      "optional": true,
      "os": [
        "darwin"
      ],
      "bin": {
        "copilot-darwin-arm64": "copilot"
      }
    },
    "node_modules/@github/copilot-darwin-x64": {
      "version": "1.0.83",
      "resolved": "https://registry.npmjs.org/@github/copilot-darwin-x64/-/copilot-darwin-x64-1.0.83.tgz",
      "integrity": "sha512-f3oQxclEd/HUunTIMTriRIm883ONYPVOETGlEYF6fYWVkllPINMXnlKpM/b6h7fJEjZy8JFDhqqoZ60ezRNuUQ==",
      "cpu": [
        "x64"
      ],
      "dev": true,
      "license": "SEE LICENSE IN LICENSE.md",
      "optional": true,
      "os": [
        "darwin"
      ],
      "bin": {
        "copilot-darwin-x64": "copilot"
      }
    },
    "node_modules/@github/copilot-linux-arm64": {
      "version": "1.0.83",
      "resolved": "https://registry.npmjs.org/@github/copilot-linux-arm64/-/copilot-linux-arm64-1.0.83.tgz",
      "integrity": "sha512-pgVS60eX1mVJ8MFo9SDsalM2X5Eaywq6/rWJg6roHEY4GHNuIx3rHFIdnoQfbcIHcuGYpHuQ/wBbWiSgMKdNEQ==",
      "cpu": [
        "arm64"
      ],
      "dev": true,
      "license": "SEE LICENSE IN LICENSE.md",
      "optional": true,
      "os": [
        "linux"
      ],
      "bin": {
        "copilot-linux-arm64": "copilot"
      }
    },
    "node_modules/@github/copilot-linux-x64": {
      "version": "1.0.83",
      "resolved": "https://registry.npmjs.org/@github/copilot-linux-x64/-/copilot-linux-x64-1.0.83.tgz",
      "integrity": "sha512-G4pe5/4axjULMFpJBU7ran69++7RIn5wlFn8XMhXaFECB18cPVOfU7B9xgoCFbHGFAT4kATl45Fa9dtshKUNmg==",
      "cpu": [
        "x64"
      ],
      "dev": true,
      "license": "SEE LICENSE IN LICENSE.md",
      "optional": true,
      "os": [
        "linux"
      ],
      "bin": {
        "copilot-linux-x64": "copilot"
      }
    },
    "node_modules/@github/copilot-linuxmusl-arm64": {
      "version": "1.0.83",
      "resolved": "https://registry.npmjs.org/@github/copilot-linuxmusl-arm64/-/copilot-linuxmusl-arm64-1.0.83.tgz",
      "integrity": "sha512-CkRdANpMLQUIw+qqhg4wtoxeAUDYtdxS3kMuDc23L/tl4zdTYSVPtzDAjXouXNTJTTsjzDeR6k4tP6cIyymPzQ==",
      "cpu": [
        "arm64"
      ],
      "dev": true,
      "license": "SEE LICENSE IN LICENSE.md",
      "optional": true,
      "os": [
        "linux"
      ],
      "bin": {
        "copilot-linuxmusl-arm64": "copilot"
      }
    },
    "node_modules/@github/copilot-linuxmusl-x64": {
      "version": "1.0.83",
      "resolved": "https://registry.npmjs.org/@github/copilot-linuxmusl-x64/-/copilot-linuxmusl-x64-1.0.83.tgz",
      "integrity": "sha512-riB8hgJuFJYk6xAZjdQ01K8NclTE7xh8DQkmaI+1c7aMK4VqxW1TMYkWNRxWXotZyeFRv2+LqfBXYJvvITuKjw==",
      "cpu": [
        "x64"
      ],
      "dev": true,
      "license": "SEE LICENSE IN LICENSE.md",
      "optional": true,
      "os": [
        "linux"
      ],
      "bin": {
        "copilot-linuxmusl-x64": "copilot"
      }
    },
    "node_modules/@github/copilot-win32-arm64": {
      "version": "1.0.83",
      "resolved": "https://registry.npmjs.org/@github/copilot-win32-arm64/-/copilot-win32-arm64-1.0.83.tgz",
      "integrity": "sha512-uzgmjDwjf3iVfzwrHJF8BOb39hewXpC60v/pm/Mvbd2LPqm38bq3Ky10fC50M+jpOu6t/YGW8qYtioEQQusHVQ==",
      "cpu": [
        "arm64"
      ],
      "dev": true,
      "license": "SEE LICENSE IN LICENSE.md",
      "optional": true,
      "os": [
        "win32"
      ],
      "bin": {
        "copilot-win32-arm64": "copilot.exe"
      }
    },
    "node_modules/@github/copilot-win32-x64": {
      "version": "1.0.83",
      "resolved": "https://registry.npmjs.org/@github/copilot-win32-x64/-/copilot-win32-x64-1.0.83.tgz",
      "integrity": "sha512-pau+THyevc9oTmtQNyWF2RSIM4aMo9DNO1gE8Fkg9OqCExmuoKTtYOnfxJHcCB2X1HHsGOrChq0+eRgiDAumoA==",
      "cpu": [
        "x64"
      ],
      "dev": true,
      "license": "SEE LICENSE IN LICENSE.md",
      "optional": true,
      "os": [
        "win32"
      ],
      "bin": {
        "copilot-win32-x64": "copilot.exe"
      }
    },
    "node_modules/@playwright/mcp": {
      "version": "0.0.80",
      "resolved": "https://registry.npmjs.org/@playwright/mcp/-/mcp-0.0.80.tgz",
      "integrity": "sha512-FOPXHm2SvFhAQylm10jMZ35B/SR2TaMLVkavAlwoG4N2qCb5RqbvhQYcu3zmXNyxR2DW0Ooxe+9XPVt5UjKRCQ==",
      "dev": true,
      "license": "Apache-2.0",
      "dependencies": {
        "playwright": "1.63.0-alpha-2026-08-31",
        "playwright-core": "1.63.0-alpha-2026-08-31"
      },
      "bin": {
        "playwright-mcp": "cli.js"
      },
      "engines": {
        "node": ">=18"
      }
    },
    "node_modules/ajv": {
      "version": "8.17.1",
      "resolved": "https://registry.npmjs.org/ajv/-/ajv-8.17.1.tgz",
      "integrity": "sha512-B/gBuNg5SiMTrPkC+A2+cW0RszwxYmn6VYxB/inlBStS5nx6xHIt/ehKRhIMhqusl7a8LjQoZnjCs5vhwxOQ1g==",
      "license": "MIT",
      "dependencies": {
        "fast-deep-equal": "^3.1.3",
        "fast-uri": "^3.0.1",
        "json-schema-traverse": "^1.0.0",
        "require-from-string": "^2.0.2"
      },
      "funding": {
        "type": "github",
        "url": "https://github.com/sponsors/epoberezkin"
      }
    },
    "node_modules/detect-libc": {
      "version": "2.1.2",
      "resolved": "https://registry.npmjs.org/detect-libc/-/detect-libc-2.1.2.tgz",
      "integrity": "sha512-Btj2BOOO83o3WyH59e8MgXsxEQVcarkUOpEYrubB0urwnN10yQ364rsiByU11nZlqWYZm05i/of7io4mzihBtQ==",
      "dev": true,
      "license": "Apache-2.0",
      "engines": {
        "node": ">=8"
      }
    },
    "node_modules/fast-deep-equal": {
      "version": "3.1.3",
      "resolved": "https://registry.npmjs.org/fast-deep-equal/-/fast-deep-equal-3.1.3.tgz",
      "integrity": "sha512-f3qQ9oQy9j2AhBe/H9VC91wLmKBCCU/gDOnKNAYG5hswO7BLKj09Hc5HYNz9cGI++xlpDCIgDaitVs03ATR84Q==",
      "license": "MIT"
    },
    "node_modules/fast-uri": {
      "version": "3.1.7",
      "resolved": "https://registry.npmjs.org/fast-uri/-/fast-uri-3.1.7.tgz",
      "integrity": "sha512-dOvZVzjdZdz7phd9v6jCbwxrBW3fK6n8Rc0CtdmM4bumzMnxywBYhuph6J819RRw/ku+rLbelwfMunktuzVVHg==",
      "funding": [
        {
          "type": "github",
          "url": "https://github.com/sponsors/fastify"
        },
        {
          "type": "opencollective",
          "url": "https://opencollective.com/fastify"
        }
      ],
      "license": "BSD-3-Clause"
    },
    "node_modules/json-schema-traverse": {
      "version": "1.0.0",
      "resolved": "https://registry.npmjs.org/json-schema-traverse/-/json-schema-traverse-1.0.0.tgz",
      "integrity": "sha512-NM8/P9n3XjXhIZn1lLhkFaACTOURQXjWhV4BA/RnOv8xvgqtqpAX9IO4mRQxSx1Rlo4tqzeqb0sOlruaOy3dug==",
      "license": "MIT"
    },
    "node_modules/playwright": {
      "version": "1.63.0-alpha-2026-08-31",
      "resolved": "https://registry.npmjs.org/playwright/-/playwright-1.63.0-alpha-2026-08-31.tgz",
      "integrity": "sha512-3XAsuznfu8jBVJ4QxdGvBkt0+b8ZFwuwJYyOfiIw5ZjUOrNLNRhKxzLzLuydou3gJ9c6eMwVqgzdiOwhy54Kzw==",
      "dev": true,
      "license": "Apache-2.0",
      "dependencies": {
        "playwright-core": "1.63.0-alpha-2026-08-31"
      },
      "bin": {
        "playwright": "cli.js"
      },
      "engines": {
        "node": ">=20"
      }
    },
    "node_modules/playwright-core": {
      "version": "1.63.0-alpha-2026-08-31",
      "resolved": "https://registry.npmjs.org/playwright-core/-/playwright-core-1.63.0-alpha-2026-08-31.tgz",
      "integrity": "sha512-1ek0Lyr12h6jcs/WTcNoVtzZkQp7D/90PsMuBW/Rm6h3AsWAbzpqj0geMv8+8Tzzr9CSUYvg9kznrVZINQMXXw==",
      "dev": true,
      "license": "Apache-2.0",
      "bin": {
        "playwright-core": "cli.js"
      },
      "engines": {
        "node": ">=20"
      }
    },
    "node_modules/require-from-string": {
      "version": "2.0.2",
      "resolved": "https://registry.npmjs.org/require-from-string/-/require-from-string-2.0.2.tgz",
      "integrity": "sha512-Xf0nWe6RseziFMu+Ap9biiUbmplq6S9/p+7w7YXP/JBHhrUDDUhwa+vANyubuqfZWTveU//DYVGsDG7RKL/vEw==",
      "license": "MIT",
      "engines": {
        "node": ">=0.10.0"
      }
    }
  }
}
